
Microsoft Visual Studio Solution File, Format Version 12.00
# Visual Studio Version 17
VisualStudioVersion = 17.7.34202.233
MinimumVisualStudioVersion = 10.0.40219.1
Project("{9A19103F-16F7-4668-BE54-9A1E7A4F7556}") = "ChallengeApp", "challengeApp\ChallengeApp.csproj", "{4637FD34-35F5-4659-BD33-914D65B10BC8}"
EndProject
Project("{FAE04EC0-301F-11D3-BF4B-00C04F79EFBC}") = "ChallengeApp.Tests1", "ChallengeApp.Tests1\ChallengeApp.Tests1.csproj", "{408C9D14-1D59-4C95-BA7A-8619754AF380}"
EndProject
Global
	GlobalSection(SolutionConfigurationPlatforms) = preSolution
		Debug|Any CPU = Debug|Any CPU
		Release|Any CPU = Release|Any CPU
	EndGlobalSection
	GlobalSection(ProjectConfigurationPlatforms) = postSolution
		{4637FD34-35F5-4659-BD33-914D65B10BC8}.Debug|Any CPU.ActiveCfg = Debug|Any CPU
		{4637FD34-35F5-4659-BD33-914D65B10BC8}.Debug|Any CPU.Build.0 = Debug|Any CPU
		{4637FD34-35F5-4659-BD33-914D65B10BC8}.Release|Any CPU.ActiveCfg = Release|Any CPU
		{4637FD34-35F5-4659-BD33-914D65B10BC8}.Release|Any CPU.Build.0 = Release|Any CPU
		{408C9D14-1D59-4C95-BA7A-8619754AF380}.Debug|Any CPU.ActiveCfg = Debug|Any CPU
		{408C9D14-1D59-4C95-BA7A-8619754AF380}.Debug|Any CPU.Build.0 = Debug|Any CPU
		{408C9D14-1D59-4C95-BA7A-8619754AF380}.Release|Any CPU.ActiveCfg = Release|Any CPU
		{408C9D14-1D59-4C95-BA7A-8619754AF380}.Release|Any CPU.Build.0 = Release|Any CPU
	EndGlobalSection
	GlobalSection(SolutionProperties) = preSolution
		HideSolutionNode = FALSE
	EndGlobalSection
	GlobalSection(ExtensibilityGlobals) = postSolution
		SolutionGuid = {72337854-E531-4968-9C39-0C93B792A9C1}
	EndGlobalSection
EndGlobal
